// !$*UTF8*$!
{
	archiveVersion = 1;
	classes = {
	};
	objectVersion = 56;
	objects = {

/* Begin PBXBuildFile section */
		740AB84E2BEC7E1C0034B0E4 /* UIView+Extensions.swift in Sources */ = {isa = PBXBuildFile; fileRef = 740AB84D2BEC7E1C0034B0E4 /* UIView+Extensions.swift */; };
		740AB8502BEC805A0034B0E4 /* UICollectionView+Extensions.swift in Sources */ = {isa = PBXBuildFile; fileRef = 740AB84F2BEC805A0034B0E4 /* UICollectionView+Extensions.swift */; };
		7437D6B62BCA48AF00A5BE9F /* AppDelegate.swift in Sources */ = {isa = PBXBuildFile; fileRef = 7437D6B52BCA48AF00A5BE9F /* AppDelegate.swift */; };
		7437D6B82BCA48AF00A5BE9F /* SceneDelegate.swift in Sources */ = {isa = PBXBuildFile; fileRef = 7437D6B72BCA48AF00A5BE9F /* SceneDelegate.swift */; };
		7437D6BA2BCA48AF00A5BE9F /* LoginViewController.swift in Sources */ = {isa = PBXBuildFile; fileRef = 7437D6B92BCA48AF00A5BE9F /* LoginViewController.swift */; };
		7437D6BD2BCA48AF00A5BE9F /* Base in Resources */ = {isa = PBXBuildFile; fileRef = 7437D6BC2BCA48AF00A5BE9F /* Base */; };
		7437D6BF2BCA48B000A5BE9F /* Assets.xcassets in Resources */ = {isa = PBXBuildFile; fileRef = 7437D6BE2BCA48B000A5BE9F /* Assets.xcassets */; };
		7437D6C22BCA48B000A5BE9F /* Base in Resources */ = {isa = PBXBuildFile; fileRef = 7437D6C12BCA48B000A5BE9F /* Base */; };
		7437D6CA2BCA574B00A5BE9F /* NicknameViewController.swift in Sources */ = {isa = PBXBuildFile; fileRef = 7437D6C92BCA574B00A5BE9F /* NicknameViewController.swift */; };
		7437D6CD2BCA60A500A5BE9F /* SnapKit in Frameworks */ = {isa = PBXBuildFile; productRef = 7437D6CC2BCA60A500A5BE9F /* SnapKit */; };
		7437D6CF2BCA60A500A5BE9F /* SnapKit-Dynamic in Frameworks */ = {isa = PBXBuildFile; productRef = 7437D6CE2BCA60A500A5BE9F /* SnapKit-Dynamic */; };
		743881072BECB6B900CADB65 /* DailyMovieService.swift in Sources */ = {isa = PBXBuildFile; fileRef = 743881062BECB6B900CADB65 /* DailyMovieService.swift */; };
		7438810A2BECB6EA00CADB65 /* CombineMoya in Frameworks */ = {isa = PBXBuildFile; productRef = 743881092BECB6EA00CADB65 /* CombineMoya */; };
		7438810C2BECB6EA00CADB65 /* Moya in Frameworks */ = {isa = PBXBuildFile; productRef = 7438810B2BECB6EA00CADB65 /* Moya */; };
		7438810E2BECB6EA00CADB65 /* ReactiveMoya in Frameworks */ = {isa = PBXBuildFile; productRef = 7438810D2BECB6EA00CADB65 /* ReactiveMoya */; };
		743881102BECB6EA00CADB65 /* RxMoya in Frameworks */ = {isa = PBXBuildFile; productRef = 7438810F2BECB6EA00CADB65 /* RxMoya */; };
		743881122BECCC8700CADB65 /* Config.swift in Sources */ = {isa = PBXBuildFile; fileRef = 743881112BECCC8700CADB65 /* Config.swift */; };
		743881142BECCC9800CADB65 /* NetworkResult.swift in Sources */ = {isa = PBXBuildFile; fileRef = 743881132BECCC9800CADB65 /* NetworkResult.swift */; };
		743881192BECCEBD00CADB65 /* DailyMovieViewController.swift in Sources */ = {isa = PBXBuildFile; fileRef = 743881182BECCEBD00CADB65 /* DailyMovieViewController.swift */; };
		7438811B2BECD06600CADB65 /* MovieTargetType.swift in Sources */ = {isa = PBXBuildFile; fileRef = 7438811A2BECD06600CADB65 /* MovieTargetType.swift */; };
		7438811D2BECD41000CADB65 /* Date+Extensions.swift in Sources */ = {isa = PBXBuildFile; fileRef = 7438811C2BECD41000CADB65 /* Date+Extensions.swift */; };
		7438811F2BECD7F000CADB65 /* DailyMovieDTO.swift in Sources */ = {isa = PBXBuildFile; fileRef = 7438811E2BECD7F000CADB65 /* DailyMovieDTO.swift */; };
		743881212BED7F3800CADB65 /* DailyMovieModel.swift in Sources */ = {isa = PBXBuildFile; fileRef = 743881202BED7F3800CADB65 /* DailyMovieModel.swift */; };
		743C8DBF2BD402AB0032B31C /* HomeViewController.swift in Sources */ = {isa = PBXBuildFile; fileRef = 743C8DBE2BD402AB0032B31C /* HomeViewController.swift */; };
		743C8DC52BD40F570032B31C /* TabBarController.swift in Sources */ = {isa = PBXBuildFile; fileRef = 743C8DC42BD40F570032B31C /* TabBarController.swift */; };
		743C8DC82BD4236B0032B31C /* PosterModel.swift in Sources */ = {isa = PBXBuildFile; fileRef = 743C8DC72BD4236B0032B31C /* PosterModel.swift */; };
		743C8DCA2BD423870032B31C /* PosterCollectionViewCell.swift in Sources */ = {isa = PBXBuildFile; fileRef = 743C8DC92BD423870032B31C /* PosterCollectionViewCell.swift */; };
		743C8DCC2BD4271C0032B31C /* PosterCollectionView.swift in Sources */ = {isa = PBXBuildFile; fileRef = 743C8DCB2BD4271C0032B31C /* PosterCollectionView.swift */; };
		743C8DCE2BD5035D0032B31C /* SeriesCollectionView.swift in Sources */ = {isa = PBXBuildFile; fileRef = 743C8DCD2BD5035D0032B31C /* SeriesCollectionView.swift */; };
		743C8DD12BD504200032B31C /* SeriesCollectionViewCell.swift in Sources */ = {isa = PBXBuildFile; fileRef = 743C8DD02BD504200032B31C /* SeriesCollectionViewCell.swift */; };
		743C8DD52BD506120032B31C /* SeriesCollectionHeaderView.swift in Sources */ = {isa = PBXBuildFile; fileRef = 743C8DD42BD506120032B31C /* SeriesCollectionHeaderView.swift */; };
		743C8DD72BD539100032B31C /* UIImage+Extensions.swift in Sources */ = {isa = PBXBuildFile; fileRef = 743C8DD62BD539100032B31C /* UIImage+Extensions.swift */; };
		743C8DD92BD53CA90032B31C /* HeaderView.swift in Sources */ = {isa = PBXBuildFile; fileRef = 743C8DD82BD53CA90032B31C /* HeaderView.swift */; };
		743C8DDB2BD53F550032B31C /* PosterCircleView.swift in Sources */ = {isa = PBXBuildFile; fileRef = 743C8DDA2BD53F550032B31C /* PosterCircleView.swift */; };
		7461A6182BCF935B005CF27B /* Pretendard-Regular.otf in Resources */ = {isa = PBXBuildFile; fileRef = 7437D6D12BCA6EFD00A5BE9F /* Pretendard-Regular.otf */; };
		747B3EB32C10578400A26C23 /* HomeViewModel.swift in Sources */ = {isa = PBXBuildFile; fileRef = 747B3EB22C10578400A26C23 /* HomeViewModel.swift */; };
		747EC32A2BCE5AAE004D2AD9 /* Pretendard-SemiBold.otf in Resources */ = {isa = PBXBuildFile; fileRef = 747EC3292BCE5AAE004D2AD9 /* Pretendard-SemiBold.otf */; };
		74D0B5CB2BDE49E10056A739 /* ChannelCollectionView.swift in Sources */ = {isa = PBXBuildFile; fileRef = 74D0B5CA2BDE49E10056A739 /* ChannelCollectionView.swift */; };
		74D0B5CD2BDE4A0B0056A739 /* ChannelCollectionViewCell.swift in Sources */ = {isa = PBXBuildFile; fileRef = 74D0B5CC2BDE4A0B0056A739 /* ChannelCollectionViewCell.swift */; };
		74D0B5CF2BDE4BC70056A739 /* ChannelModel.swift in Sources */ = {isa = PBXBuildFile; fileRef = 74D0B5CE2BDE4BC70056A739 /* ChannelModel.swift */; };
		74D0B5D22BDE6D600056A739 /* BannerCollectionView.swift in Sources */ = {isa = PBXBuildFile; fileRef = 74D0B5D12BDE6D600056A739 /* BannerCollectionView.swift */; };
		74D0B5D42BDE6D6F0056A739 /* BannerCollectionViewCell.swift in Sources */ = {isa = PBXBuildFile; fileRef = 74D0B5D32BDE6D6F0056A739 /* BannerCollectionViewCell.swift */; };
		74D0B5D62BDE6D7A0056A739 /* BannerModel.swift in Sources */ = {isa = PBXBuildFile; fileRef = 74D0B5D52BDE6D7A0056A739 /* BannerModel.swift */; };
		74D5B64F2BCFA0660011FDBA /* SheetLayout.swift in Sources */ = {isa = PBXBuildFile; fileRef = 74D5B64E2BCFA0660011FDBA /* SheetLayout.swift */; };
		74D5B6532BCFB1100011FDBA /* UITextField+Extensions.swift in Sources */ = {isa = PBXBuildFile; fileRef = 74D5B6522BCFB1100011FDBA /* UITextField+Extensions.swift */; };
		74D5B6552BCFF4770011FDBA /* WelcomeViewController.swift in Sources */ = {isa = PBXBuildFile; fileRef = 74D5B6542BCFF4760011FDBA /* WelcomeViewController.swift */; };
		74D5B6572BCFF7FC0011FDBA /* Pretendard-Bold.otf in Resources */ = {isa = PBXBuildFile; fileRef = 74D5B6562BCFF7FC0011FDBA /* Pretendard-Bold.otf */; };
		74D5B6592BD03D260011FDBA /* Pretendard-Medium.otf in Resources */ = {isa = PBXBuildFile; fileRef = 74D5B6582BD03D260011FDBA /* Pretendard-Medium.otf */; };
		74DD9BB02BE10C3800D580F2 /* UILabel+Extensions.swift in Sources */ = {isa = PBXBuildFile; fileRef = 74DD9BAF2BE10C3800D580F2 /* UILabel+Extensions.swift */; };
		74F9F4072BEDE5F9009618FA /* DailyMovieView.swift in Sources */ = {isa = PBXBuildFile; fileRef = 74F9F4062BEDE5F9009618FA /* DailyMovieView.swift */; };
		74F9F4092BEDE898009618FA /* DailyMovieCollectionViewCell.swift in Sources */ = {isa = PBXBuildFile; fileRef = 74F9F4082BEDE898009618FA /* DailyMovieCollectionViewCell.swift */; };
		74F9F40B2BEE2227009618FA /* MoyaLoggingPlugin.swift in Sources */ = {isa = PBXBuildFile; fileRef = 74F9F40A2BEE2227009618FA /* MoyaLoggingPlugin.swift */; };
/* End PBXBuildFile section */

/* Begin PBXFileReference section */
		740AB84D2BEC7E1C0034B0E4 /* UIView+Extensions.swift */ = {isa = PBXFileReference; lastKnownFileType = sourcecode.swift; path = "UIView+Extensions.swift"; sourceTree = "<group>"; };
		740AB84F2BEC805A0034B0E4 /* UICollectionView+Extensions.swift */ = {isa = PBXFileReference; lastKnownFileType = sourcecode.swift; path = "UICollectionView+Extensions.swift"; sourceTree = "<group>"; };
		7437D6B22BCA48AF00A5BE9F /* 2nd-Assignment.app */ = {isa = PBXFileReference; explicitFileType = wrapper.application; includeInIndex = 0; path = "2nd-Assignment.app"; sourceTree = BUILT_PRODUCTS_DIR; };
		7437D6B52BCA48AF00A5BE9F /* AppDelegate.swift */ = {isa = PBXFileReference; lastKnownFileType = sourcecode.swift; path = AppDelegate.swift; sourceTree = "<group>"; };
		7437D6B72BCA48AF00A5BE9F /* SceneDelegate.swift */ = {isa = PBXFileReference; lastKnownFileType = sourcecode.swift; path = SceneDelegate.swift; sourceTree = "<group>"; };
		7437D6B92BCA48AF00A5BE9F /* LoginViewController.swift */ = {isa = PBXFileReference; lastKnownFileType = sourcecode.swift; path = LoginViewController.swift; sourceTree = "<group>"; };
		7437D6BC2BCA48AF00A5BE9F /* Base */ = {isa = PBXFileReference; lastKnownFileType = file.storyboard; name = Base; path = Base.lproj/Main.storyboard; sourceTree = "<group>"; };
		7437D6BE2BCA48B000A5BE9F /* Assets.xcassets */ = {isa = PBXFileReference; lastKnownFileType = folder.assetcatalog; path = Assets.xcassets; sourceTree = "<group>"; };
		7437D6C12BCA48B000A5BE9F /* Base */ = {isa = PBXFileReference; lastKnownFileType = file.storyboard; name = Base; path = Base.lproj/LaunchScreen.storyboard; sourceTree = "<group>"; };
		7437D6C32BCA48B000A5BE9F /* Info.plist */ = {isa = PBXFileReference; lastKnownFileType = text.plist.xml; path = Info.plist; sourceTree = "<group>"; };
		7437D6C92BCA574B00A5BE9F /* NicknameViewController.swift */ = {isa = PBXFileReference; lastKnownFileType = sourcecode.swift; path = NicknameViewController.swift; sourceTree = "<group>"; };
		7437D6D12BCA6EFD00A5BE9F /* Pretendard-Regular.otf */ = {isa = PBXFileReference; lastKnownFileType = file; name = "Pretendard-Regular.otf"; path = "../../../../../Downloads/Pretendard-1/public/static/Pretendard-Regular.otf"; sourceTree = "<group>"; };
		743881062BECB6B900CADB65 /* DailyMovieService.swift */ = {isa = PBXFileReference; lastKnownFileType = sourcecode.swift; path = DailyMovieService.swift; sourceTree = "<group>"; };
		743881112BECCC8700CADB65 /* Config.swift */ = {isa = PBXFileReference; lastKnownFileType = sourcecode.swift; path = Config.swift; sourceTree = "<group>"; };
		743881132BECCC9800CADB65 /* NetworkResult.swift */ = {isa = PBXFileReference; lastKnownFileType = sourcecode.swift; path = NetworkResult.swift; sourceTree = "<group>"; };
		743881182BECCEBD00CADB65 /* DailyMovieViewController.swift */ = {isa = PBXFileReference; lastKnownFileType = sourcecode.swift; path = DailyMovieViewController.swift; sourceTree = "<group>"; };
		7438811A2BECD06600CADB65 /* MovieTargetType.swift */ = {isa = PBXFileReference; lastKnownFileType = sourcecode.swift; path = MovieTargetType.swift; sourceTree = "<group>"; };
		7438811C2BECD41000CADB65 /* Date+Extensions.swift */ = {isa = PBXFileReference; lastKnownFileType = sourcecode.swift; path = "Date+Extensions.swift"; sourceTree = "<group>"; };
		7438811E2BECD7F000CADB65 /* DailyMovieDTO.swift */ = {isa = PBXFileReference; lastKnownFileType = sourcecode.swift; path = DailyMovieDTO.swift; sourceTree = "<group>"; };
		743881202BED7F3800CADB65 /* DailyMovieModel.swift */ = {isa = PBXFileReference; lastKnownFileType = sourcecode.swift; path = DailyMovieModel.swift; sourceTree = "<group>"; };
		743C8DBE2BD402AB0032B31C /* HomeViewController.swift */ = {isa = PBXFileReference; lastKnownFileType = sourcecode.swift; path = HomeViewController.swift; sourceTree = "<group>"; };
		743C8DC42BD40F570032B31C /* TabBarController.swift */ = {isa = PBXFileReference; lastKnownFileType = sourcecode.swift; path = TabBarController.swift; sourceTree = "<group>"; };
		743C8DC72BD4236B0032B31C /* PosterModel.swift */ = {isa = PBXFileReference; lastKnownFileType = sourcecode.swift; path = PosterModel.swift; sourceTree = "<group>"; };
		743C8DC92BD423870032B31C /* PosterCollectionViewCell.swift */ = {isa = PBXFileReference; lastKnownFileType = sourcecode.swift; path = PosterCollectionViewCell.swift; sourceTree = "<group>"; };
		743C8DCB2BD4271C0032B31C /* PosterCollectionView.swift */ = {isa = PBXFileReference; lastKnownFileType = sourcecode.swift; path = PosterCollectionView.swift; sourceTree = "<group>"; };
		743C8DCD2BD5035D0032B31C /* SeriesCollectionView.swift */ = {isa = PBXFileReference; lastKnownFileType = sourcecode.swift; path = SeriesCollectionView.swift; sourceTree = "<group>"; };
		743C8DD02BD504200032B31C /* SeriesCollectionViewCell.swift */ = {isa = PBXFileReference; lastKnownFileType = sourcecode.swift; path = SeriesCollectionViewCell.swift; sourceTree = "<group>"; };
		743C8DD42BD506120032B31C /* SeriesCollectionHeaderView.swift */ = {isa = PBXFileReference; lastKnownFileType = sourcecode.swift; path = SeriesCollectionHeaderView.swift; sourceTree = "<group>"; };
		743C8DD62BD539100032B31C /* UIImage+Extensions.swift */ = {isa = PBXFileReference; lastKnownFileType = sourcecode.swift; path = "UIImage+Extensions.swift"; sourceTree = "<group>"; };
		743C8DD82BD53CA90032B31C /* HeaderView.swift */ = {isa = PBXFileReference; lastKnownFileType = sourcecode.swift; path = HeaderView.swift; sourceTree = "<group>"; };
		743C8DDA2BD53F550032B31C /* PosterCircleView.swift */ = {isa = PBXFileReference; lastKnownFileType = sourcecode.swift; path = PosterCircleView.swift; sourceTree = "<group>"; };
		747B3EB22C10578400A26C23 /* HomeViewModel.swift */ = {isa = PBXFileReference; lastKnownFileType = sourcecode.swift; path = HomeViewModel.swift; sourceTree = "<group>"; };
		747EC3292BCE5AAE004D2AD9 /* Pretendard-SemiBold.otf */ = {isa = PBXFileReference; lastKnownFileType = file; name = "Pretendard-SemiBold.otf"; path = "../../../../../Downloads/Pretendard-1/public/static/Pretendard-SemiBold.otf"; sourceTree = "<group>"; };
		74D0B5CA2BDE49E10056A739 /* ChannelCollectionView.swift */ = {isa = PBXFileReference; lastKnownFileType = sourcecode.swift; path = ChannelCollectionView.swift; sourceTree = "<group>"; };
		74D0B5CC2BDE4A0B0056A739 /* ChannelCollectionViewCell.swift */ = {isa = PBXFileReference; lastKnownFileType = sourcecode.swift; path = ChannelCollectionViewCell.swift; sourceTree = "<group>"; };
		74D0B5CE2BDE4BC70056A739 /* ChannelModel.swift */ = {isa = PBXFileReference; lastKnownFileType = sourcecode.swift; path = ChannelModel.swift; sourceTree = "<group>"; };
		74D0B5D12BDE6D600056A739 /* BannerCollectionView.swift */ = {isa = PBXFileReference; lastKnownFileType = sourcecode.swift; path = BannerCollectionView.swift; sourceTree = "<group>"; };
		74D0B5D32BDE6D6F0056A739 /* BannerCollectionViewCell.swift */ = {isa = PBXFileReference; lastKnownFileType = sourcecode.swift; path = BannerCollectionViewCell.swift; sourceTree = "<group>"; };
		74D0B5D52BDE6D7A0056A739 /* BannerModel.swift */ = {isa = PBXFileReference; lastKnownFileType = sourcecode.swift; path = BannerModel.swift; sourceTree = "<group>"; };
		74D5B64E2BCFA0660011FDBA /* SheetLayout.swift */ = {isa = PBXFileReference; lastKnownFileType = sourcecode.swift; path = SheetLayout.swift; sourceTree = "<group>"; };
		74D5B6522BCFB1100011FDBA /* UITextField+Extensions.swift */ = {isa = PBXFileReference; lastKnownFileType = sourcecode.swift; path = "UITextField+Extensions.swift"; sourceTree = "<group>"; };
		74D5B6542BCFF4760011FDBA /* WelcomeViewController.swift */ = {isa = PBXFileReference; lastKnownFileType = sourcecode.swift; path = WelcomeViewController.swift; sourceTree = "<group>"; };
		74D5B6562BCFF7FC0011FDBA /* Pretendard-Bold.otf */ = {isa = PBXFileReference; lastKnownFileType = file; path = "Pretendard-Bold.otf"; sourceTree = "<group>"; };
		74D5B6582BD03D260011FDBA /* Pretendard-Medium.otf */ = {isa = PBXFileReference; lastKnownFileType = file; path = "Pretendard-Medium.otf"; sourceTree = "<group>"; };
		74DD9BAF2BE10C3800D580F2 /* UILabel+Extensions.swift */ = {isa = PBXFileReference; lastKnownFileType = sourcecode.swift; path = "UILabel+Extensions.swift"; sourceTree = "<group>"; };
		74F9F4062BEDE5F9009618FA /* DailyMovieView.swift */ = {isa = PBXFileReference; lastKnownFileType = sourcecode.swift; path = DailyMovieView.swift; sourceTree = "<group>"; };
		74F9F4082BEDE898009618FA /* DailyMovieCollectionViewCell.swift */ = {isa = PBXFileReference; lastKnownFileType = sourcecode.swift; path = DailyMovieCollectionViewCell.swift; sourceTree = "<group>"; };
		74F9F40A2BEE2227009618FA /* MoyaLoggingPlugin.swift */ = {isa = PBXFileReference; lastKnownFileType = sourcecode.swift; path = MoyaLoggingPlugin.swift; sourceTree = "<group>"; };
/* End PBXFileReference section */

/* Begin PBXFrameworksBuildPhase section */
		7437D6AF2BCA48AF00A5BE9F /* Frameworks */ = {
			isa = PBXFrameworksBuildPhase;
			buildActionMask = 2147483647;
			files = (
				743881102BECB6EA00CADB65 /* RxMoya in Frameworks */,
				7437D6CD2BCA60A500A5BE9F /* SnapKit in Frameworks */,
				7437D6CF2BCA60A500A5BE9F /* SnapKit-Dynamic in Frameworks */,
				7438810C2BECB6EA00CADB65 /* Moya in Frameworks */,
				7438810E2BECB6EA00CADB65 /* ReactiveMoya in Frameworks */,
				7438810A2BECB6EA00CADB65 /* CombineMoya in Frameworks */,
			);
			runOnlyForDeploymentPostprocessing = 0;
		};
/* End PBXFrameworksBuildPhase section */

/* Begin PBXGroup section */
		741751562C1236DC009DBA58 /* Service */ = {
			isa = PBXGroup;
			children = (
				743881062BECB6B900CADB65 /* DailyMovieService.swift */,
			);
			path = Service;
			sourceTree = "<group>";
		};
		741751572C1236E8009DBA58 /* UI */ = {
			isa = PBXGroup;
			children = (
				741751592C1236FC009DBA58 /* ViewController */,
				741751582C1236F6009DBA58 /* Cell */,
				74F9F4062BEDE5F9009618FA /* DailyMovieView.swift */,
			);
			path = UI;
			sourceTree = "<group>";
		};
		741751582C1236F6009DBA58 /* Cell */ = {
			isa = PBXGroup;
			children = (
				74F9F4082BEDE898009618FA /* DailyMovieCollectionViewCell.swift */,
			);
			path = Cell;
			sourceTree = "<group>";
		};
		741751592C1236FC009DBA58 /* ViewController */ = {
			isa = PBXGroup;
			children = (
				743881182BECCEBD00CADB65 /* DailyMovieViewController.swift */,
			);
			path = ViewController;
			sourceTree = "<group>";
		};
		7417515A2C12370D009DBA58 /* BusinessLogic */ = {
			isa = PBXGroup;
			children = (
				7417515C2C1237F5009DBA58 /* Application */,
				7417515B2C123730009DBA58 /* Domain */,
			);
			path = BusinessLogic;
			sourceTree = "<group>";
		};
		7417515B2C123730009DBA58 /* Domain */ = {
			isa = PBXGroup;
			children = (
				743881202BED7F3800CADB65 /* DailyMovieModel.swift */,
			);
			path = Domain;
			sourceTree = "<group>";
		};
		7417515C2C1237F5009DBA58 /* Application */ = {
			isa = PBXGroup;
			children = (
			);
			path = Application;
			sourceTree = "<group>";
		};
		7417515D2C123DD2009DBA58 /* Infra */ = {
			isa = PBXGroup;
			children = (
				7417515F2C123E2C009DBA58 /* TargetType */,
				7417515E2C123E1A009DBA58 /* DTO */,
				741751562C1236DC009DBA58 /* Service */,
			);
			path = Infra;
			sourceTree = "<group>";
		};
		7417515E2C123E1A009DBA58 /* DTO */ = {
			isa = PBXGroup;
			children = (
				7438811E2BECD7F000CADB65 /* DailyMovieDTO.swift */,
			);
			path = DTO;
			sourceTree = "<group>";
		};
		7417515F2C123E2C009DBA58 /* TargetType */ = {
			isa = PBXGroup;
			children = (
				7438811A2BECD06600CADB65 /* MovieTargetType.swift */,
			);
			path = TargetType;
			sourceTree = "<group>";
		};
		7437D6A92BCA48AF00A5BE9F = {
			isa = PBXGroup;
			children = (
				7437D6B42BCA48AF00A5BE9F /* 2nd-Assignment */,
				7437D6B32BCA48AF00A5BE9F /* Products */,
			);
			sourceTree = "<group>";
		};
		7437D6B32BCA48AF00A5BE9F /* Products */ = {
			isa = PBXGroup;
			children = (
				7437D6B22BCA48AF00A5BE9F /* 2nd-Assignment.app */,
			);
			name = Products;
			sourceTree = "<group>";
		};
		7437D6B42BCA48AF00A5BE9F /* 2nd-Assignment */ = {
			isa = PBXGroup;
			children = (
				7417515D2C123DD2009DBA58 /* Infra */,
				743881172BECCDA000CADB65 /* DailyMovie */,
				743881052BECB64B00CADB65 /* Network */,
				7437D6B52BCA48AF00A5BE9F /* AppDelegate.swift */,
				7437D6B72BCA48AF00A5BE9F /* SceneDelegate.swift */,
				743C8DC42BD40F570032B31C /* TabBarController.swift */,
				74DD9BB32BE11B1900D580F2 /* FirstView */,
				74DD9BB12BE11AB700D580F2 /* HomeView */,
				74DD9BB22BE11AE000D580F2 /* Extensions */,
				7437D6BE2BCA48B000A5BE9F /* Assets.xcassets */,
				7437D6BB2BCA48AF00A5BE9F /* Main.storyboard */,
				7437D6C02BCA48B000A5BE9F /* LaunchScreen.storyboard */,
				7437D6C32BCA48B000A5BE9F /* Info.plist */,
				7437D6D02BCA6E1B00A5BE9F /* Fonts */,
			);
			path = "2nd-Assignment";
			sourceTree = "<group>";
		};
		7437D6D02BCA6E1B00A5BE9F /* Fonts */ = {
			isa = PBXGroup;
			children = (
				74D5B6562BCFF7FC0011FDBA /* Pretendard-Bold.otf */,
				74D5B6582BD03D260011FDBA /* Pretendard-Medium.otf */,
				7437D6D12BCA6EFD00A5BE9F /* Pretendard-Regular.otf */,
				747EC3292BCE5AAE004D2AD9 /* Pretendard-SemiBold.otf */,
			);
			path = Fonts;
			sourceTree = "<group>";
		};
		743881052BECB64B00CADB65 /* Network */ = {
			isa = PBXGroup;
			children = (
				743881112BECCC8700CADB65 /* Config.swift */,
				74F9F40A2BEE2227009618FA /* MoyaLoggingPlugin.swift */,
				743881132BECCC9800CADB65 /* NetworkResult.swift */,
			);
			path = Network;
			sourceTree = "<group>";
		};
		743881172BECCDA000CADB65 /* DailyMovie */ = {
			isa = PBXGroup;
			children = (
				7417515A2C12370D009DBA58 /* BusinessLogic */,
				741751572C1236E8009DBA58 /* UI */,
			);
			path = DailyMovie;
			sourceTree = "<group>";
		};
		747B3EAD2C104F4900A26C23 /* UI */ = {
			isa = PBXGroup;
			children = (
				747B3EAE2C104F6200A26C23 /* Cell */,
				747B3EAF2C104F7300A26C23 /* ViewController */,
				743C8DD82BD53CA90032B31C /* HeaderView.swift */,
				74D0B5D12BDE6D600056A739 /* BannerCollectionView.swift */,
				74D0B5CA2BDE49E10056A739 /* ChannelCollectionView.swift */,
				743C8DCD2BD5035D0032B31C /* SeriesCollectionView.swift */,
				743C8DD42BD506120032B31C /* SeriesCollectionHeaderView.swift */,
				743C8DDA2BD53F550032B31C /* PosterCircleView.swift */,
				743C8DCB2BD4271C0032B31C /* PosterCollectionView.swift */,
			);
			path = UI;
			sourceTree = "<group>";
		};
		747B3EAE2C104F6200A26C23 /* Cell */ = {
			isa = PBXGroup;
			children = (
				743C8DC92BD423870032B31C /* PosterCollectionViewCell.swift */,
				743C8DD02BD504200032B31C /* SeriesCollectionViewCell.swift */,
				74D0B5CC2BDE4A0B0056A739 /* ChannelCollectionViewCell.swift */,
				74D0B5D32BDE6D6F0056A739 /* BannerCollectionViewCell.swift */,
			);
			path = Cell;
			sourceTree = "<group>";
		};
		747B3EAF2C104F7300A26C23 /* ViewController */ = {
			isa = PBXGroup;
			children = (
				743C8DBE2BD402AB0032B31C /* HomeViewController.swift */,
			);
			path = ViewController;
			sourceTree = "<group>";
		};
		747B3EB02C104F8200A26C23 /* Domain */ = {
			isa = PBXGroup;
			children = (
				743C8DC72BD4236B0032B31C /* PosterModel.swift */,
				74D0B5D52BDE6D7A0056A739 /* BannerModel.swift */,
				74D0B5CE2BDE4BC70056A739 /* ChannelModel.swift */,
			);
			path = Domain;
			sourceTree = "<group>";
		};
		747B3EB12C10576B00A26C23 /* Presentation */ = {
			isa = PBXGroup;
			children = (
				747B3EB22C10578400A26C23 /* HomeViewModel.swift */,
			);
			path = Presentation;
			sourceTree = "<group>";
		};
		74DD9BB12BE11AB700D580F2 /* HomeView */ = {
			isa = PBXGroup;
			children = (
				747B3EB12C10576B00A26C23 /* Presentation */,
				747B3EB02C104F8200A26C23 /* Domain */,
				747B3EAD2C104F4900A26C23 /* UI */,
			);
			path = HomeView;
			sourceTree = "<group>";
		};
		74DD9BB22BE11AE000D580F2 /* Extensions */ = {
			isa = PBXGroup;
			children = (
				74D5B6522BCFB1100011FDBA /* UITextField+Extensions.swift */,
				740AB84F2BEC805A0034B0E4 /* UICollectionView+Extensions.swift */,
				7438811C2BECD41000CADB65 /* Date+Extensions.swift */,
				740AB84D2BEC7E1C0034B0E4 /* UIView+Extensions.swift */,
				743C8DD62BD539100032B31C /* UIImage+Extensions.swift */,
				74DD9BAF2BE10C3800D580F2 /* UILabel+Extensions.swift */,
			);
			path = Extensions;
			sourceTree = "<group>";
		};
		74DD9BB32BE11B1900D580F2 /* FirstView */ = {
			isa = PBXGroup;
			children = (
				74D5B64E2BCFA0660011FDBA /* SheetLayout.swift */,
				7437D6C92BCA574B00A5BE9F /* NicknameViewController.swift */,
				7437D6B92BCA48AF00A5BE9F /* LoginViewController.swift */,
				74D5B6542BCFF4760011FDBA /* WelcomeViewController.swift */,
			);
			path = FirstView;
			sourceTree = "<group>";
		};
/* End PBXGroup section */

/* Begin PBXNativeTarget section */
		7437D6B12BCA48AF00A5BE9F /* 2nd-Assignment */ = {
			isa = PBXNativeTarget;
			buildConfigurationList = 7437D6C62BCA48B000A5BE9F /* Build configuration list for PBXNativeTarget "2nd-Assignment" */;
			buildPhases = (
				7437D6AE2BCA48AF00A5BE9F /* Sources */,
				7437D6AF2BCA48AF00A5BE9F /* Frameworks */,
				7437D6B02BCA48AF00A5BE9F /* Resources */,
			);
			buildRules = (
			);
			dependencies = (
			);
			name = "2nd-Assignment";
			packageProductDependencies = (
				7437D6CC2BCA60A500A5BE9F /* SnapKit */,
				7437D6CE2BCA60A500A5BE9F /* SnapKit-Dynamic */,
				743881092BECB6EA00CADB65 /* CombineMoya */,
				7438810B2BECB6EA00CADB65 /* Moya */,
				7438810D2BECB6EA00CADB65 /* ReactiveMoya */,
				7438810F2BECB6EA00CADB65 /* RxMoya */,
			);
			productName = "2nd-Assignment";
			productReference = 7437D6B22BCA48AF00A5BE9F /* 2nd-Assignment.app */;
			productType = "com.apple.product-type.application";
		};
/* End PBXNativeTarget section */

/* Begin PBXProject section */
		7437D6AA2BCA48AF00A5BE9F /* Project object */ = {
			isa = PBXProject;
			attributes = {
				BuildIndependentTargetsInParallel = 1;
				LastSwiftUpdateCheck = 1530;
				LastUpgradeCheck = 1530;
				TargetAttributes = {
					7437D6B12BCA48AF00A5BE9F = {
						CreatedOnToolsVersion = 15.3;
					};
				};
			};
			buildConfigurationList = 7437D6AD2BCA48AF00A5BE9F /* Build configuration list for PBXProject "2nd-Assignment" */;
			compatibilityVersion = "Xcode 14.0";
			developmentRegion = en;
			hasScannedForEncodings = 0;
			knownRegions = (
				en,
				Base,
			);
			mainGroup = 7437D6A92BCA48AF00A5BE9F;
			packageReferences = (
				7437D6CB2BCA60A500A5BE9F /* XCRemoteSwiftPackageReference "SnapKit" */,
				743881082BECB6EA00CADB65 /* XCRemoteSwiftPackageReference "moya" */,
			);
			productRefGroup = 7437D6B32BCA48AF00A5BE9F /* Products */;
			projectDirPath = "";
			projectRoot = "";
			targets = (
				7437D6B12BCA48AF00A5BE9F /* 2nd-Assignment */,
			);
		};
/* End PBXProject section */

/* Begin PBXResourcesBuildPhase section */
		7437D6B02BCA48AF00A5BE9F /* Resources */ = {
			isa = PBXResourcesBuildPhase;
			buildActionMask = 2147483647;
			files = (
				74D5B6592BD03D260011FDBA /* Pretendard-Medium.otf in Resources */,
				7437D6BF2BCA48B000A5BE9F /* Assets.xcassets in Resources */,
				74D5B6572BCFF7FC0011FDBA /* Pretendard-Bold.otf in Resources */,
				7437D6C22BCA48B000A5BE9F /* Base in Resources */,
				7461A6182BCF935B005CF27B /* Pretendard-Regular.otf in Resources */,
				7437D6BD2BCA48AF00A5BE9F /* Base in Resources */,
				747EC32A2BCE5AAE004D2AD9 /* Pretendard-SemiBold.otf in Resources */,
			);
			runOnlyForDeploymentPostprocessing = 0;
		};
/* End PBXResourcesBuildPhase section */

/* Begin PBXSourcesBuildPhase section */
		7437D6AE2BCA48AF00A5BE9F /* Sources */ = {
			isa = PBXSourcesBuildPhase;
			buildActionMask = 2147483647;
			files = (
				743C8DC82BD4236B0032B31C /* PosterModel.swift in Sources */,
				743C8DD12BD504200032B31C /* SeriesCollectionViewCell.swift in Sources */,
				74D0B5D42BDE6D6F0056A739 /* BannerCollectionViewCell.swift in Sources */,
				74D0B5D62BDE6D7A0056A739 /* BannerModel.swift in Sources */,
				7437D6CA2BCA574B00A5BE9F /* NicknameViewController.swift in Sources */,
				74D5B64F2BCFA0660011FDBA /* SheetLayout.swift in Sources */,
				743881072BECB6B900CADB65 /* DailyMovieService.swift in Sources */,
				74DD9BB02BE10C3800D580F2 /* UILabel+Extensions.swift in Sources */,
				74D0B5D22BDE6D600056A739 /* BannerCollectionView.swift in Sources */,
				743C8DD52BD506120032B31C /* SeriesCollectionHeaderView.swift in Sources */,
				7437D6BA2BCA48AF00A5BE9F /* LoginViewController.swift in Sources */,
				743881192BECCEBD00CADB65 /* DailyMovieViewController.swift in Sources */,
				7438811B2BECD06600CADB65 /* MovieTargetType.swift in Sources */,
				743C8DD92BD53CA90032B31C /* HeaderView.swift in Sources */,
				74D5B6532BCFB1100011FDBA /* UITextField+Extensions.swift in Sources */,
				7437D6B62BCA48AF00A5BE9F /* AppDelegate.swift in Sources */,
				74D0B5CB2BDE49E10056A739 /* ChannelCollectionView.swift in Sources */,
				74F9F4092BEDE898009618FA /* DailyMovieCollectionViewCell.swift in Sources */,
				743C8DCE2BD5035D0032B31C /* SeriesCollectionView.swift in Sources */,
				7437D6B82BCA48AF00A5BE9F /* SceneDelegate.swift in Sources */,
				74D5B6552BCFF4770011FDBA /* WelcomeViewController.swift in Sources */,
				74D0B5CF2BDE4BC70056A739 /* ChannelModel.swift in Sources */,
				74F9F4072BEDE5F9009618FA /* DailyMovieView.swift in Sources */,
				7438811F2BECD7F000CADB65 /* DailyMovieDTO.swift in Sources */,
				74F9F40B2BEE2227009618FA /* MoyaLoggingPlugin.swift in Sources */,
				740AB84E2BEC7E1C0034B0E4 /* UIView+Extensions.swift in Sources */,
				743C8DCA2BD423870032B31C /* PosterCollectionViewCell.swift in Sources */,
				743881142BECCC9800CADB65 /* NetworkResult.swift in Sources */,
				743881212BED7F3800CADB65 /* DailyMovieModel.swift in Sources */,
				74D0B5CD2BDE4A0B0056A739 /* ChannelCollectionViewCell.swift in Sources */,
				7438811D2BECD41000CADB65 /* Date+Extensions.swift in Sources */,
				743881122BECCC8700CADB65 /* Config.swift in Sources */,
				743C8DC52BD40F570032B31C /* TabBarController.swift in Sources */,
				743C8DBF2BD402AB0032B31C /* HomeViewController.swift in Sources */,
				747B3EB32C10578400A26C23 /* HomeViewModel.swift in Sources */,
				740AB8502BEC805A0034B0E4 /* UICollectionView+Extensions.swift in Sources */,
				743C8DDB2BD53F550032B31C /* PosterCircleView.swift in Sources */,
				743C8DCC2BD4271C0032B31C /* PosterCollectionView.swift in Sources */,
				743C8DD72BD539100032B31C /* UIImage+Extensions.swift in Sources */,
			);
			runOnlyForDeploymentPostprocessing = 0;
		};
/* End PBXSourcesBuildPhase section */

/* Begin PBXVariantGroup section */
		7437D6BB2BCA48AF00A5BE9F /* Main.storyboard */ = {
			isa = PBXVariantGroup;
			children = (
				7437D6BC2BCA48AF00A5BE9F /* Base */,
			);
			name = Main.storyboard;
			sourceTree = "<group>";
		};
		7437D6C02BCA48B000A5BE9F /* LaunchScreen.storyboard */ = {
			isa = PBXVariantGroup;
			children = (
				7437D6C12BCA48B000A5BE9F /* Base */,
			);
			name = LaunchScreen.storyboard;
			sourceTree = "<group>";
		};
/* End PBXVariantGroup section */

/* Begin XCBuildConfiguration section */
		7437D6C42BCA48B000A5BE9F /* Debug */ = {
			isa = XCBuildConfiguration;
			buildSettings = {
				ALWAYS_SEARCH_USER_PATHS = NO;
				ASSETCATALOG_COMPILER_GENERATE_SWIFT_ASSET_SYMBOL_EXTENSIONS = YES;
				CLANG_ANALYZER_NONNULL = YES;
				CLANG_ANALYZER_NUMBER_OBJECT_CONVERSION = YES_AGGRESSIVE;
				CLANG_CXX_LANGUAGE_STANDARD = "gnu++20";
				CLANG_ENABLE_MODULES = YES;
				CLANG_ENABLE_OBJC_ARC = YES;
				CLANG_ENABLE_OBJC_WEAK = YES;
				CLANG_WARN_BLOCK_CAPTURE_AUTORELEASING = YES;
				CLANG_WARN_BOOL_CONVERSION = YES;
				CLANG_WARN_COMMA = YES;
				CLANG_WARN_CONSTANT_CONVERSION = YES;
				CLANG_WARN_DEPRECATED_OBJC_IMPLEMENTATIONS = YES;
				CLANG_WARN_DIRECT_OBJC_ISA_USAGE = YES_ERROR;
				CLANG_WARN_DOCUMENTATION_COMMENTS = YES;
				CLANG_WARN_EMPTY_BODY = YES;
				CLANG_WARN_ENUM_CONVERSION = YES;
				CLANG_WARN_INFINITE_RECURSION = YES;
				CLANG_WARN_INT_CONVERSION = YES;
				CLANG_WARN_NON_LITERAL_NULL_CONVERSION = YES;
				CLANG_WARN_OBJC_IMPLICIT_RETAIN_SELF = YES;
				CLANG_WARN_OBJC_LITERAL_CONVERSION = YES;
				CLANG_WARN_OBJC_ROOT_CLASS = YES_ERROR;
				CLANG_WARN_QUOTED_INCLUDE_IN_FRAMEWORK_HEADER = YES;
				CLANG_WARN_RANGE_LOOP_ANALYSIS = YES;
				CLANG_WARN_STRICT_PROTOTYPES = YES;
				CLANG_WARN_SUSPICIOUS_MOVE = YES;
				CLANG_WARN_UNGUARDED_AVAILABILITY = YES_AGGRESSIVE;
				CLANG_WARN_UNREACHABLE_CODE = YES;
				CLANG_WARN__DUPLICATE_METHOD_MATCH = YES;
				COPY_PHASE_STRIP = NO;
				DEBUG_INFORMATION_FORMAT = dwarf;
				ENABLE_STRICT_OBJC_MSGSEND = YES;
				ENABLE_TESTABILITY = YES;
				ENABLE_USER_SCRIPT_SANDBOXING = YES;
				GCC_C_LANGUAGE_STANDARD = gnu17;
				GCC_DYNAMIC_NO_PIC = NO;
				GCC_NO_COMMON_BLOCKS = YES;
				GCC_OPTIMIZATION_LEVEL = 0;
				GCC_PREPROCESSOR_DEFINITIONS = (
					"DEBUG=1",
					"$(inherited)",
				);
				GCC_WARN_64_TO_32_BIT_CONVERSION = YES;
				GCC_WARN_ABOUT_RETURN_TYPE = YES_ERROR;
				GCC_WARN_UNDECLARED_SELECTOR = YES;
				GCC_WARN_UNINITIALIZED_AUTOS = YES_AGGRESSIVE;
				GCC_WARN_UNUSED_FUNCTION = YES;
				GCC_WARN_UNUSED_VARIABLE = YES;
				IPHONEOS_DEPLOYMENT_TARGET = 17.4;
				LOCALIZATION_PREFERS_STRING_CATALOGS = YES;
				MTL_ENABLE_DEBUG_INFO = INCLUDE_SOURCE;
				MTL_FAST_MATH = YES;
				ONLY_ACTIVE_ARCH = YES;
				SDKROOT = iphoneos;
				SWIFT_ACTIVE_COMPILATION_CONDITIONS = "DEBUG $(inherited)";
				SWIFT_OPTIMIZATION_LEVEL = "-Onone";
			};
			name = Debug;
		};
		7437D6C52BCA48B000A5BE9F /* Release */ = {
			isa = XCBuildConfiguration;
			buildSettings = {
				ALWAYS_SEARCH_USER_PATHS = NO;
				ASSETCATALOG_COMPILER_GENERATE_SWIFT_ASSET_SYMBOL_EXTENSIONS = YES;
				CLANG_ANALYZER_NONNULL = YES;
				CLANG_ANALYZER_NUMBER_OBJECT_CONVERSION = YES_AGGRESSIVE;
				CLANG_CXX_LANGUAGE_STANDARD = "gnu++20";
				CLANG_ENABLE_MODULES = YES;
				CLANG_ENABLE_OBJC_ARC = YES;
				CLANG_ENABLE_OBJC_WEAK = YES;
				CLANG_WARN_BLOCK_CAPTURE_AUTORELEASING = YES;
				CLANG_WARN_BOOL_CONVERSION = YES;
				CLANG_WARN_COMMA = YES;
				CLANG_WARN_CONSTANT_CONVERSION = YES;
				CLANG_WARN_DEPRECATED_OBJC_IMPLEMENTATIONS = YES;
				CLANG_WARN_DIRECT_OBJC_ISA_USAGE = YES_ERROR;
				CLANG_WARN_DOCUMENTATION_COMMENTS = YES;
				CLANG_WARN_EMPTY_BODY = YES;
				CLANG_WARN_ENUM_CONVERSION = YES;
				CLANG_WARN_INFINITE_RECURSION = YES;
				CLANG_WARN_INT_CONVERSION = YES;
				CLANG_WARN_NON_LITERAL_NULL_CONVERSION = YES;
				CLANG_WARN_OBJC_IMPLICIT_RETAIN_SELF = YES;
				CLANG_WARN_OBJC_LITERAL_CONVERSION = YES;
				CLANG_WARN_OBJC_ROOT_CLASS = YES_ERROR;
				CLANG_WARN_QUOTED_INCLUDE_IN_FRAMEWORK_HEADER = YES;
				CLANG_WARN_RANGE_LOOP_ANALYSIS = YES;
				CLANG_WARN_STRICT_PROTOTYPES = YES;
				CLANG_WARN_SUSPICIOUS_MOVE = YES;
				CLANG_WARN_UNGUARDED_AVAILABILITY = YES_AGGRESSIVE;
				CLANG_WARN_UNREACHABLE_CODE = YES;
				CLANG_WARN__DUPLICATE_METHOD_MATCH = YES;
				COPY_PHASE_STRIP = NO;
				DEBUG_INFORMATION_FORMAT = "dwarf-with-dsym";
				ENABLE_NS_ASSERTIONS = NO;
				ENABLE_STRICT_OBJC_MSGSEND = YES;
				ENABLE_USER_SCRIPT_SANDBOXING = YES;
				GCC_C_LANGUAGE_STANDARD = gnu17;
				GCC_NO_COMMON_BLOCKS = YES;
				GCC_WARN_64_TO_32_BIT_CONVERSION = YES;
				GCC_WARN_ABOUT_RETURN_TYPE = YES_ERROR;
				GCC_WARN_UNDECLARED_SELECTOR = YES;
				GCC_WARN_UNINITIALIZED_AUTOS = YES_AGGRESSIVE;
				GCC_WARN_UNUSED_FUNCTION = YES;
				GCC_WARN_UNUSED_VARIABLE = YES;
				IPHONEOS_DEPLOYMENT_TARGET = 17.4;
				LOCALIZATION_PREFERS_STRING_CATALOGS = YES;
				MTL_ENABLE_DEBUG_INFO = NO;
				MTL_FAST_MATH = YES;
				SDKROOT = iphoneos;
				SWIFT_COMPILATION_MODE = wholemodule;
				VALIDATE_PRODUCT = YES;
			};
			name = Release;
		};
		7437D6C72BCA48B000A5BE9F /* Debug */ = {
			isa = XCBuildConfiguration;
			buildSettings = {
				ASSETCATALOG_COMPILER_APPICON_NAME = AppIcon;
				ASSETCATALOG_COMPILER_GLOBAL_ACCENT_COLOR_NAME = AccentColor;
				BASE_URL = "http://www.kobis.or.kr/kobisopenapi/webservice/rest/boxoffice";
				CODE_SIGN_STYLE = Automatic;
				CURRENT_PROJECT_VERSION = 1;
				DEVELOPMENT_TEAM = H4NCX3RT8V;
				GENERATE_INFOPLIST_FILE = YES;
				INFOPLIST_FILE = "2nd-Assignment/Info.plist";
				INFOPLIST_KEY_UIApplicationSupportsIndirectInputEvents = YES;
				INFOPLIST_KEY_UILaunchStoryboardName = LaunchScreen;
				INFOPLIST_KEY_UIMainStoryboardFile = Main;
				INFOPLIST_KEY_UISupportedInterfaceOrientations_iPad = "UIInterfaceOrientationPortrait UIInterfaceOrientationPortraitUpsideDown UIInterfaceOrientationLandscapeLeft UIInterfaceOrientationLandscapeRight";
				INFOPLIST_KEY_UISupportedInterfaceOrientations_iPhone = "UIInterfaceOrientationPortrait UIInterfaceOrientationLandscapeLeft UIInterfaceOrientationLandscapeRight";
				LD_RUNPATH_SEARCH_PATHS = (
					"$(inherited)",
					"@executable_path/Frameworks",
				);
				MARKETING_VERSION = 1.0;
				PRODUCT_BUNDLE_IDENTIFIER = "com.cirtuare.-nd-Assignment";
				PRODUCT_NAME = "$(TARGET_NAME)";
				SWIFT_EMIT_LOC_STRINGS = YES;
				SWIFT_VERSION = 5.0;
				TARGETED_DEVICE_FAMILY = "1,2";
			};
			name = Debug;
		};
		7437D6C82BCA48B000A5BE9F /* Release */ = {
			isa = XCBuildConfiguration;
			buildSettings = {
				ASSETCATALOG_COMPILER_APPICON_NAME = AppIcon;
				ASSETCATALOG_COMPILER_GLOBAL_ACCENT_COLOR_NAME = AccentColor;
				BASE_URL = "http://www.kobis.or.kr/kobisopenapi/webservice/rest/boxoffice";
				CODE_SIGN_STYLE = Automatic;
				CURRENT_PROJECT_VERSION = 1;
				DEVELOPMENT_TEAM = H4NCX3RT8V;
				GENERATE_INFOPLIST_FILE = YES;
				INFOPLIST_FILE = "2nd-Assignment/Info.plist";
				INFOPLIST_KEY_UIApplicationSupportsIndirectInputEvents = YES;
				INFOPLIST_KEY_UILaunchStoryboardName = LaunchScreen;
				INFOPLIST_KEY_UIMainStoryboardFile = Main;
				INFOPLIST_KEY_UISupportedInterfaceOrientations_iPad = "UIInterfaceOrientationPortrait UIInterfaceOrientationPortraitUpsideDown UIInterfaceOrientationLandscapeLeft UIInterfaceOrientationLandscapeRight";
				INFOPLIST_KEY_UISupportedInterfaceOrientations_iPhone = "UIInterfaceOrientationPortrait UIInterfaceOrientationLandscapeLeft UIInterfaceOrientationLandscapeRight";
				LD_RUNPATH_SEARCH_PATHS = (
					"$(inherited)",
					"@executable_path/Frameworks",
				);
				MARKETING_VERSION = 1.0;
				PRODUCT_BUNDLE_IDENTIFIER = "com.cirtuare.-nd-Assignment";
				PRODUCT_NAME = "$(TARGET_NAME)";
				SWIFT_EMIT_LOC_STRINGS = YES;
				SWIFT_VERSION = 5.0;
				TARGETED_DEVICE_FAMILY = "1,2";
			};
			name = Release;
		};
/* End XCBuildConfiguration section */

/* Begin XCConfigurationList section */
		7437D6AD2BCA48AF00A5BE9F /* Build configuration list for PBXProject "2nd-Assignment" */ = {
			isa = XCConfigurationList;
			buildConfigurations = (
				7437D6C42BCA48B000A5BE9F /* Debug */,
				7437D6C52BCA48B000A5BE9F /* Release */,
			);
			defaultConfigurationIsVisible = 0;
			defaultConfigurationName = Release;
		};
		7437D6C62BCA48B000A5BE9F /* Build configuration list for PBXNativeTarget "2nd-Assignment" */ = {
			isa = XCConfigurationList;
			buildConfigurations = (
				7437D6C72BCA48B000A5BE9F /* Debug */,
				7437D6C82BCA48B000A5BE9F /* Release */,
			);
			defaultConfigurationIsVisible = 0;
			defaultConfigurationName = Release;
		};
/* End XCConfigurationList section */

/* Begin XCRemoteSwiftPackageReference section */
		7437D6CB2BCA60A500A5BE9F /* XCRemoteSwiftPackageReference "SnapKit" */ = {
			isa = XCRemoteSwiftPackageReference;
			repositoryURL = "https://github.com/SnapKit/SnapKit";
			requirement = {
				kind = upToNextMajorVersion;
				minimumVersion = 5.7.1;
			};
		};
		743881082BECB6EA00CADB65 /* XCRemoteSwiftPackageReference "moya" */ = {
			isa = XCRemoteSwiftPackageReference;
			repositoryURL = "https://github.com/moya/moya";
			requirement = {
				kind = upToNextMajorVersion;
				minimumVersion = 15.0.3;
			};
		};
/* End XCRemoteSwiftPackageReference section */

/* Begin XCSwiftPackageProductDependency section */
		7437D6CC2BCA60A500A5BE9F /* SnapKit */ = {
			isa = XCSwiftPackageProductDependency;
			package = 7437D6CB2BCA60A500A5BE9F /* XCRemoteSwiftPackageReference "SnapKit" */;
			productName = SnapKit;
		};
		7437D6CE2BCA60A500A5BE9F /* SnapKit-Dynamic */ = {
			isa = XCSwiftPackageProductDependency;
			package = 7437D6CB2BCA60A500A5BE9F /* XCRemoteSwiftPackageReference "SnapKit" */;
			productName = "SnapKit-Dynamic";
		};
		743881092BECB6EA00CADB65 /* CombineMoya */ = {
			isa = XCSwiftPackageProductDependency;
			package = 743881082BECB6EA00CADB65 /* XCRemoteSwiftPackageReference "moya" */;
			productName = CombineMoya;
		};
		7438810B2BECB6EA00CADB65 /* Moya */ = {
			isa = XCSwiftPackageProductDependency;
			package = 743881082BECB6EA00CADB65 /* XCRemoteSwiftPackageReference "moya" */;
			productName = Moya;
		};
		7438810D2BECB6EA00CADB65 /* ReactiveMoya */ = {
			isa = XCSwiftPackageProductDependency;
			package = 743881082BECB6EA00CADB65 /* XCRemoteSwiftPackageReference "moya" */;
			productName = ReactiveMoya;
		};
		7438810F2BECB6EA00CADB65 /* RxMoya */ = {
			isa = XCSwiftPackageProductDependency;
			package = 743881082BECB6EA00CADB65 /* XCRemoteSwiftPackageReference "moya" */;
			productName = RxMoya;
		};
/* End XCSwiftPackageProductDependency section */
	};
	rootObject = 7437D6AA2BCA48AF00A5BE9F /* Project object */;
}
